// !$*UTF8*$!
{
	archiveVersion = 1;
	classes = {
	};
	objectVersion = 56;
	objects = {

/* Begin PBXBuildFile section */
		045216E22D1339AD002C8B2F /* HourCell.swift in Sources */ = {isa = PBXBuildFile; fileRef = 045216E12D1339AD002C8B2F /* HourCell.swift */; };
		045216E62D133B91002C8B2F /* HourCellView.xib in Resources */ = {isa = PBXBuildFile; fileRef = 045216E52D133B91002C8B2F /* HourCellView.xib */; };
		0477AB012D13686A0045D532 /* TasksDistributor.swift in Sources */ = {isa = PBXBuildFile; fileRef = 0477AB002D13686A0045D532 /* TasksDistributor.swift */; };
		396C12CAC2A37F3A36A2CE01 /* Pods_DairySimbirSoftPractice.framework in Frameworks */ = {isa = PBXBuildFile; fileRef = B06B10D217F2614DDEEC6DF2 /* Pods_DairySimbirSoftPractice.framework */; };
		46C274A3B154AA6CB89FAFCA /* Pods_DairySimbirSoftPracticeTests.framework in Frameworks */ = {isa = PBXBuildFile; fileRef = 148C5BDDC2ECE71861E9A6AD /* Pods_DairySimbirSoftPracticeTests.framework */; };
		552869AD2D01C6F0005C02A0 /* TaskInfoViewController.swift in Sources */ = {isa = PBXBuildFile; fileRef = 552869AC2D01C6F0005C02A0 /* TaskInfoViewController.swift */; };
		552869AF2D01C713005C02A0 /* AddTaskViewController.swift in Sources */ = {isa = PBXBuildFile; fileRef = 552869AE2D01C713005C02A0 /* AddTaskViewController.swift */; };
		556E0F162D04334E0067A97B /* tasksFile.json in Resources */ = {isa = PBXBuildFile; fileRef = 556E0F152D04334E0067A97B /* tasksFile.json */; };
		5575E1DD2CFC808400B1D4AF /* AppDelegate.swift in Sources */ = {isa = PBXBuildFile; fileRef = 5575E1DC2CFC808400B1D4AF /* AppDelegate.swift */; };
		5575E1DF2CFC808400B1D4AF /* SceneDelegate.swift in Sources */ = {isa = PBXBuildFile; fileRef = 5575E1DE2CFC808400B1D4AF /* SceneDelegate.swift */; };
		5575E1E12CFC808400B1D4AF /* CalendarViewController.swift in Sources */ = {isa = PBXBuildFile; fileRef = 5575E1E02CFC808400B1D4AF /* CalendarViewController.swift */; };
		5575E1E42CFC808400B1D4AF /* Main.storyboard in Resources */ = {isa = PBXBuildFile; fileRef = 5575E1E22CFC808400B1D4AF /* Main.storyboard */; };
		5575E1E62CFC808600B1D4AF /* Assets.xcassets in Resources */ = {isa = PBXBuildFile; fileRef = 5575E1E52CFC808600B1D4AF /* Assets.xcassets */; };
		5575E1E92CFC808600B1D4AF /* LaunchScreen.storyboard in Resources */ = {isa = PBXBuildFile; fileRef = 5575E1E72CFC808600B1D4AF /* LaunchScreen.storyboard */; };
		5575E1F42CFC808600B1D4AF /* DairySimbirSoftPracticeTests.swift in Sources */ = {isa = PBXBuildFile; fileRef = 5575E1F32CFC808600B1D4AF /* DairySimbirSoftPracticeTests.swift */; };
		5575E1FE2CFC808600B1D4AF /* DairySimbirSoftPracticeUITests.swift in Sources */ = {isa = PBXBuildFile; fileRef = 5575E1FD2CFC808600B1D4AF /* DairySimbirSoftPracticeUITests.swift */; };
		5575E2002CFC808600B1D4AF /* DairySimbirSoftPracticeUITestsLaunchTests.swift in Sources */ = {isa = PBXBuildFile; fileRef = 5575E1FF2CFC808600B1D4AF /* DairySimbirSoftPracticeUITestsLaunchTests.swift */; };
		5578EC072D0C90DB009ED0B4 /* DateExtension.swift in Sources */ = {isa = PBXBuildFile; fileRef = 5578EC062D0C90DB009ED0B4 /* DateExtension.swift */; };
		55AB10B72D0447EB00CF62F9 /* TaskItem.swift in Sources */ = {isa = PBXBuildFile; fileRef = 55AB10B62D0447EB00CF62F9 /* TaskItem.swift */; };
		55AB10BB2D048C8700CF62F9 /* DataService.swift in Sources */ = {isa = PBXBuildFile; fileRef = 55AB10BA2D048C8700CF62F9 /* DataService.swift */; };
		F565D4F929456BE4441D5D93 /* Pods_DairySimbirSoftPractice_DairySimbirSoftPracticeUITests.framework in Frameworks */ = {isa = PBXBuildFile; fileRef = 430D3FCDEA9EE5058B3FECDB /* Pods_DairySimbirSoftPractice_DairySimbirSoftPracticeUITests.framework */; };
/* End PBXBuildFile section */

/* Begin PBXContainerItemProxy section */
		5575E1F02CFC808600B1D4AF /* PBXContainerItemProxy */ = {
			isa = PBXContainerItemProxy;
			containerPortal = 5575E1D12CFC808400B1D4AF /* Project object */;
			proxyType = 1;
			remoteGlobalIDString = 5575E1D82CFC808400B1D4AF;
			remoteInfo = DairySimbirSoftPractice;
		};
		5575E1FA2CFC808600B1D4AF /* PBXContainerItemProxy */ = {
			isa = PBXContainerItemProxy;
			containerPortal = 5575E1D12CFC808400B1D4AF /* Project object */;
			proxyType = 1;
			remoteGlobalIDString = 5575E1D82CFC808400B1D4AF;
			remoteInfo = DairySimbirSoftPractice;
		};
/* End PBXContainerItemProxy section */

/* Begin PBXFileReference section */
		045216E12D1339AD002C8B2F /* HourCell.swift */ = {isa = PBXFileReference; fileEncoding = 4; lastKnownFileType = sourcecode.swift; path = HourCell.swift; sourceTree = "<group>"; };
		045216E52D133B91002C8B2F /* HourCellView.xib */ = {isa = PBXFileReference; fileEncoding = 4; lastKnownFileType = file.xib; path = HourCellView.xib; sourceTree = "<group>"; };
		0477AB002D13686A0045D532 /* TasksDistributor.swift */ = {isa = PBXFileReference; lastKnownFileType = sourcecode.swift; path = TasksDistributor.swift; sourceTree = "<group>"; };
		148C5BDDC2ECE71861E9A6AD /* Pods_DairySimbirSoftPracticeTests.framework */ = {isa = PBXFileReference; explicitFileType = wrapper.framework; includeInIndex = 0; path = Pods_DairySimbirSoftPracticeTests.framework; sourceTree = BUILT_PRODUCTS_DIR; };
		3A62E061137F6F57116C0171 /* Pods-DairySimbirSoftPractice.release.xcconfig */ = {isa = PBXFileReference; includeInIndex = 1; lastKnownFileType = text.xcconfig; name = "Pods-DairySimbirSoftPractice.release.xcconfig"; path = "Target Support Files/Pods-DairySimbirSoftPractice/Pods-DairySimbirSoftPractice.release.xcconfig"; sourceTree = "<group>"; };
		3FE4A317EAD7863CB79A7A89 /* Pods-DairySimbirSoftPracticeTests.release.xcconfig */ = {isa = PBXFileReference; includeInIndex = 1; lastKnownFileType = text.xcconfig; name = "Pods-DairySimbirSoftPracticeTests.release.xcconfig"; path = "Target Support Files/Pods-DairySimbirSoftPracticeTests/Pods-DairySimbirSoftPracticeTests.release.xcconfig"; sourceTree = "<group>"; };
		430D3FCDEA9EE5058B3FECDB /* Pods_DairySimbirSoftPractice_DairySimbirSoftPracticeUITests.framework */ = {isa = PBXFileReference; explicitFileType = wrapper.framework; includeInIndex = 0; path = Pods_DairySimbirSoftPractice_DairySimbirSoftPracticeUITests.framework; sourceTree = BUILT_PRODUCTS_DIR; };
		44C1905A2D8D0E64E5F7AE8F /* Pods-DairySimbirSoftPractice-DairySimbirSoftPracticeUITests.debug.xcconfig */ = {isa = PBXFileReference; includeInIndex = 1; lastKnownFileType = text.xcconfig; name = "Pods-DairySimbirSoftPractice-DairySimbirSoftPracticeUITests.debug.xcconfig"; path = "Target Support Files/Pods-DairySimbirSoftPractice-DairySimbirSoftPracticeUITests/Pods-DairySimbirSoftPractice-DairySimbirSoftPracticeUITests.debug.xcconfig"; sourceTree = "<group>"; };
		552869AC2D01C6F0005C02A0 /* TaskInfoViewController.swift */ = {isa = PBXFileReference; lastKnownFileType = sourcecode.swift; path = TaskInfoViewController.swift; sourceTree = "<group>"; };
		552869AE2D01C713005C02A0 /* AddTaskViewController.swift */ = {isa = PBXFileReference; lastKnownFileType = sourcecode.swift; path = AddTaskViewController.swift; sourceTree = "<group>"; };
		556E0F152D04334E0067A97B /* tasksFile.json */ = {isa = PBXFileReference; fileEncoding = 4; lastKnownFileType = text.json; path = tasksFile.json; sourceTree = "<group>"; };
		5575E1D92CFC808400B1D4AF /* DairySimbirSoftPractice.app */ = {isa = PBXFileReference; explicitFileType = wrapper.application; includeInIndex = 0; path = DairySimbirSoftPractice.app; sourceTree = BUILT_PRODUCTS_DIR; };
		5575E1DC2CFC808400B1D4AF /* AppDelegate.swift */ = {isa = PBXFileReference; lastKnownFileType = sourcecode.swift; path = AppDelegate.swift; sourceTree = "<group>"; };
		5575E1DE2CFC808400B1D4AF /* SceneDelegate.swift */ = {isa = PBXFileReference; lastKnownFileType = sourcecode.swift; path = SceneDelegate.swift; sourceTree = "<group>"; };
		5575E1E02CFC808400B1D4AF /* CalendarViewController.swift */ = {isa = PBXFileReference; lastKnownFileType = sourcecode.swift; path = CalendarViewController.swift; sourceTree = "<group>"; };
		5575E1E32CFC808400B1D4AF /* Base */ = {isa = PBXFileReference; lastKnownFileType = file.storyboard; name = Base; path = Base.lproj/Main.storyboard; sourceTree = "<group>"; };
		5575E1E52CFC808600B1D4AF /* Assets.xcassets */ = {isa = PBXFileReference; lastKnownFileType = folder.assetcatalog; path = Assets.xcassets; sourceTree = "<group>"; };
		5575E1E82CFC808600B1D4AF /* Base */ = {isa = PBXFileReference; lastKnownFileType = file.storyboard; name = Base; path = Base.lproj/LaunchScreen.storyboard; sourceTree = "<group>"; };
		5575E1EA2CFC808600B1D4AF /* Info.plist */ = {isa = PBXFileReference; lastKnownFileType = text.plist.xml; path = Info.plist; sourceTree = "<group>"; };
		5575E1EF2CFC808600B1D4AF /* DairySimbirSoftPracticeTests.xctest */ = {isa = PBXFileReference; explicitFileType = wrapper.cfbundle; includeInIndex = 0; path = DairySimbirSoftPracticeTests.xctest; sourceTree = BUILT_PRODUCTS_DIR; };
		5575E1F32CFC808600B1D4AF /* DairySimbirSoftPracticeTests.swift */ = {isa = PBXFileReference; lastKnownFileType = sourcecode.swift; path = DairySimbirSoftPracticeTests.swift; sourceTree = "<group>"; };
		5575E1F92CFC808600B1D4AF /* DairySimbirSoftPracticeUITests.xctest */ = {isa = PBXFileReference; explicitFileType = wrapper.cfbundle; includeInIndex = 0; path = DairySimbirSoftPracticeUITests.xctest; sourceTree = BUILT_PRODUCTS_DIR; };
		5575E1FD2CFC808600B1D4AF /* DairySimbirSoftPracticeUITests.swift */ = {isa = PBXFileReference; lastKnownFileType = sourcecode.swift; path = DairySimbirSoftPracticeUITests.swift; sourceTree = "<group>"; };
		5575E1FF2CFC808600B1D4AF /* DairySimbirSoftPracticeUITestsLaunchTests.swift */ = {isa = PBXFileReference; lastKnownFileType = sourcecode.swift; path = DairySimbirSoftPracticeUITestsLaunchTests.swift; sourceTree = "<group>"; };
		5578EC062D0C90DB009ED0B4 /* DateExtension.swift */ = {isa = PBXFileReference; lastKnownFileType = sourcecode.swift; path = DateExtension.swift; sourceTree = "<group>"; };
		55AB10B62D0447EB00CF62F9 /* TaskItem.swift */ = {isa = PBXFileReference; lastKnownFileType = sourcecode.swift; path = TaskItem.swift; sourceTree = "<group>"; };
		55AB10BA2D048C8700CF62F9 /* DataService.swift */ = {isa = PBXFileReference; lastKnownFileType = sourcecode.swift; path = DataService.swift; sourceTree = "<group>"; };
		6E2B68FC03A974BE273E4858 /* Pods-DairySimbirSoftPracticeTests.debug.xcconfig */ = {isa = PBXFileReference; includeInIndex = 1; lastKnownFileType = text.xcconfig; name = "Pods-DairySimbirSoftPracticeTests.debug.xcconfig"; path = "Target Support Files/Pods-DairySimbirSoftPracticeTests/Pods-DairySimbirSoftPracticeTests.debug.xcconfig"; sourceTree = "<group>"; };
		816E8352B2F70E570364ACCD /* Pods-DairySimbirSoftPractice-DairySimbirSoftPracticeUITests.release.xcconfig */ = {isa = PBXFileReference; includeInIndex = 1; lastKnownFileType = text.xcconfig; name = "Pods-DairySimbirSoftPractice-DairySimbirSoftPracticeUITests.release.xcconfig"; path = "Target Support Files/Pods-DairySimbirSoftPractice-DairySimbirSoftPracticeUITests/Pods-DairySimbirSoftPractice-DairySimbirSoftPracticeUITests.release.xcconfig"; sourceTree = "<group>"; };
		AEBF6D00D17B02936ECE920B /* Pods-DairySimbirSoftPractice.debug.xcconfig */ = {isa = PBXFileReference; includeInIndex = 1; lastKnownFileType = text.xcconfig; name = "Pods-DairySimbirSoftPractice.debug.xcconfig"; path = "Target Support Files/Pods-DairySimbirSoftPractice/Pods-DairySimbirSoftPractice.debug.xcconfig"; sourceTree = "<group>"; };
		B06B10D217F2614DDEEC6DF2 /* Pods_DairySimbirSoftPractice.framework */ = {isa = PBXFileReference; explicitFileType = wrapper.framework; includeInIndex = 0; path = Pods_DairySimbirSoftPractice.framework; sourceTree = BUILT_PRODUCTS_DIR; };
/* End PBXFileReference section */

/* Begin PBXFrameworksBuildPhase section */
		5575E1D62CFC808400B1D4AF /* Frameworks */ = {
			isa = PBXFrameworksBuildPhase;
			buildActionMask = 2147483647;
			files = (
				396C12CAC2A37F3A36A2CE01 /* Pods_DairySimbirSoftPractice.framework in Frameworks */,
			);
			runOnlyForDeploymentPostprocessing = 0;
		};
		5575E1EC2CFC808600B1D4AF /* Frameworks */ = {
			isa = PBXFrameworksBuildPhase;
			buildActionMask = 2147483647;
			files = (
				46C274A3B154AA6CB89FAFCA /* Pods_DairySimbirSoftPracticeTests.framework in Frameworks */,
			);
			runOnlyForDeploymentPostprocessing = 0;
		};
		5575E1F62CFC808600B1D4AF /* Frameworks */ = {
			isa = PBXFrameworksBuildPhase;
			buildActionMask = 2147483647;
			files = (
				F565D4F929456BE4441D5D93 /* Pods_DairySimbirSoftPractice_DairySimbirSoftPracticeUITests.framework in Frameworks */,
			);
			runOnlyForDeploymentPostprocessing = 0;
		};
/* End PBXFrameworksBuildPhase section */

/* Begin PBXGroup section */
		19F2E3C7FD18A96BC1C36CDF /* Frameworks */ = {
			isa = PBXGroup;
			children = (
				B06B10D217F2614DDEEC6DF2 /* Pods_DairySimbirSoftPractice.framework */,
				430D3FCDEA9EE5058B3FECDB /* Pods_DairySimbirSoftPractice_DairySimbirSoftPracticeUITests.framework */,
				148C5BDDC2ECE71861E9A6AD /* Pods_DairySimbirSoftPracticeTests.framework */,
			);
			name = Frameworks;
			sourceTree = "<group>";
		};
		5519103C2D00EC580084AAE7 /* Model */ = {
			isa = PBXGroup;
			children = (
				55AB10B62D0447EB00CF62F9 /* TaskItem.swift */,
			);
			path = Model;
			sourceTree = "<group>";
		};
		5519103D2D00EC6D0084AAE7 /* View */ = {
			isa = PBXGroup;
			children = (
				045216E52D133B91002C8B2F /* HourCellView.xib */,
				045216E12D1339AD002C8B2F /* HourCell.swift */,
			);
			path = View;
			sourceTree = "<group>";
		};
		5519103E2D00EC850084AAE7 /* Controller */ = {
			isa = PBXGroup;
			children = (
				5575E1E02CFC808400B1D4AF /* CalendarViewController.swift */,
				552869AE2D01C713005C02A0 /* AddTaskViewController.swift */,
				552869AC2D01C6F0005C02A0 /* TaskInfoViewController.swift */,
				0477AB002D13686A0045D532 /* TasksDistributor.swift */,
			);
			path = Controller;
			sourceTree = "<group>";
		};
		5519103F2D00EC930084AAE7 /* Service */ = {
			isa = PBXGroup;
			children = (
				55AB10BA2D048C8700CF62F9 /* DataService.swift */,
			);
			path = Service;
			sourceTree = "<group>";
		};
		556E0F142D04329F0067A97B /* Resources */ = {
			isa = PBXGroup;
			children = (
				556E0F152D04334E0067A97B /* tasksFile.json */,
			);
			path = Resources;
			sourceTree = "<group>";
		};
		5575E1D02CFC808400B1D4AF = {
			isa = PBXGroup;
			children = (
				5575E1DB2CFC808400B1D4AF /* DairySimbirSoftPractice */,
				5575E1F22CFC808600B1D4AF /* DairySimbirSoftPracticeTests */,
				5575E1FC2CFC808600B1D4AF /* DairySimbirSoftPracticeUITests */,
				5575E1DA2CFC808400B1D4AF /* Products */,
				96BF8CCE2575C113864D9BE3 /* Pods */,
				19F2E3C7FD18A96BC1C36CDF /* Frameworks */,
			);
			sourceTree = "<group>";
		};
		5575E1DA2CFC808400B1D4AF /* Products */ = {
			isa = PBXGroup;
			children = (
				5575E1D92CFC808400B1D4AF /* DairySimbirSoftPractice.app */,
				5575E1EF2CFC808600B1D4AF /* DairySimbirSoftPracticeTests.xctest */,
				5575E1F92CFC808600B1D4AF /* DairySimbirSoftPracticeUITests.xctest */,
			);
			name = Products;
			sourceTree = "<group>";
		};
		5575E1DB2CFC808400B1D4AF /* DairySimbirSoftPractice */ = {
			isa = PBXGroup;
			children = (
				5578EC052D0C907E009ED0B4 /* Extensions */,
				556E0F142D04329F0067A97B /* Resources */,
				5519103C2D00EC580084AAE7 /* Model */,
				5519103D2D00EC6D0084AAE7 /* View */,
				5519103E2D00EC850084AAE7 /* Controller */,
				5519103F2D00EC930084AAE7 /* Service */,
				5575E1DC2CFC808400B1D4AF /* AppDelegate.swift */,
				5575E1DE2CFC808400B1D4AF /* SceneDelegate.swift */,
				5575E1E22CFC808400B1D4AF /* Main.storyboard */,
				5575E1E52CFC808600B1D4AF /* Assets.xcassets */,
				5575E1E72CFC808600B1D4AF /* LaunchScreen.storyboard */,
				5575E1EA2CFC808600B1D4AF /* Info.plist */,
			);
			path = DairySimbirSoftPractice;
			sourceTree = "<group>";
		};
		5575E1F22CFC808600B1D4AF /* DairySimbirSoftPracticeTests */ = {
			isa = PBXGroup;
			children = (
				5575E1F32CFC808600B1D4AF /* DairySimbirSoftPracticeTests.swift */,
			);
			path = DairySimbirSoftPracticeTests;
			sourceTree = "<group>";
		};
		5575E1FC2CFC808600B1D4AF /* DairySimbirSoftPracticeUITests */ = {
			isa = PBXGroup;
			children = (
				5575E1FD2CFC808600B1D4AF /* DairySimbirSoftPracticeUITests.swift */,
				5575E1FF2CFC808600B1D4AF /* DairySimbirSoftPracticeUITestsLaunchTests.swift */,
			);
			path = DairySimbirSoftPracticeUITests;
			sourceTree = "<group>";
		};
		5578EC052D0C907E009ED0B4 /* Extensions */ = {
			isa = PBXGroup;
			children = (
				5578EC062D0C90DB009ED0B4 /* DateExtension.swift */,
			);
			path = Extensions;
			sourceTree = "<group>";
		};
		96BF8CCE2575C113864D9BE3 /* Pods */ = {
			isa = PBXGroup;
			children = (
				AEBF6D00D17B02936ECE920B /* Pods-DairySimbirSoftPractice.debug.xcconfig */,
				3A62E061137F6F57116C0171 /* Pods-DairySimbirSoftPractice.release.xcconfig */,
				44C1905A2D8D0E64E5F7AE8F /* Pods-DairySimbirSoftPractice-DairySimbirSoftPracticeUITests.debug.xcconfig */,
				816E8352B2F70E570364ACCD /* Pods-DairySimbirSoftPractice-DairySimbirSoftPracticeUITests.release.xcconfig */,
				6E2B68FC03A974BE273E4858 /* Pods-DairySimbirSoftPracticeTests.debug.xcconfig */,
				3FE4A317EAD7863CB79A7A89 /* Pods-DairySimbirSoftPracticeTests.release.xcconfig */,
			);
			path = Pods;
			sourceTree = "<group>";
		};
/* End PBXGroup section */

/* Begin PBXNativeTarget section */
		5575E1D82CFC808400B1D4AF /* DairySimbirSoftPractice */ = {
			isa = PBXNativeTarget;
			buildConfigurationList = 5575E2032CFC808600B1D4AF /* Build configuration list for PBXNativeTarget "DairySimbirSoftPractice" */;
			buildPhases = (
				D57E2E2DDD54D78A6D7BF795 /* [CP] Check Pods Manifest.lock */,
				5575E1D52CFC808400B1D4AF /* Sources */,
				5575E1D62CFC808400B1D4AF /* Frameworks */,
				5575E1D72CFC808400B1D4AF /* Resources */,
				20DF361007F7961578163D5F /* [CP] Embed Pods Frameworks */,
				049232F62D0E2B6800922315 /* SwiftLint */,
			);
			buildRules = (
			);
			dependencies = (
			);
			name = DairySimbirSoftPractice;
			productName = DairySimbirSoftPractice;
			productReference = 5575E1D92CFC808400B1D4AF /* DairySimbirSoftPractice.app */;
			productType = "com.apple.product-type.application";
		};
		5575E1EE2CFC808600B1D4AF /* DairySimbirSoftPracticeTests */ = {
			isa = PBXNativeTarget;
			buildConfigurationList = 5575E2062CFC808600B1D4AF /* Build configuration list for PBXNativeTarget "DairySimbirSoftPracticeTests" */;
			buildPhases = (
				335289454F20DD69BB7C98D3 /* [CP] Check Pods Manifest.lock */,
				5575E1EB2CFC808600B1D4AF /* Sources */,
				5575E1EC2CFC808600B1D4AF /* Frameworks */,
				5575E1ED2CFC808600B1D4AF /* Resources */,
			);
			buildRules = (
			);
			dependencies = (
				5575E1F12CFC808600B1D4AF /* PBXTargetDependency */,
			);
			name = DairySimbirSoftPracticeTests;
			productName = DairySimbirSoftPracticeTests;
			productReference = 5575E1EF2CFC808600B1D4AF /* DairySimbirSoftPracticeTests.xctest */;
			productType = "com.apple.product-type.bundle.unit-test";
		};
		5575E1F82CFC808600B1D4AF /* DairySimbirSoftPracticeUITests */ = {
			isa = PBXNativeTarget;
			buildConfigurationList = 5575E2092CFC808600B1D4AF /* Build configuration list for PBXNativeTarget "DairySimbirSoftPracticeUITests" */;
			buildPhases = (
				FB41D6F4E09C70EA3F806CA2 /* [CP] Check Pods Manifest.lock */,
				5575E1F52CFC808600B1D4AF /* Sources */,
				5575E1F62CFC808600B1D4AF /* Frameworks */,
				5575E1F72CFC808600B1D4AF /* Resources */,
				8A591D5FD8B9D65591408C8D /* [CP] Embed Pods Frameworks */,
			);
			buildRules = (
			);
			dependencies = (
				5575E1FB2CFC808600B1D4AF /* PBXTargetDependency */,
			);
			name = DairySimbirSoftPracticeUITests;
			productName = DairySimbirSoftPracticeUITests;
			productReference = 5575E1F92CFC808600B1D4AF /* DairySimbirSoftPracticeUITests.xctest */;
			productType = "com.apple.product-type.bundle.ui-testing";
		};
/* End PBXNativeTarget section */

/* Begin PBXProject section */
		5575E1D12CFC808400B1D4AF /* Project object */ = {
			isa = PBXProject;
			attributes = {
				BuildIndependentTargetsInParallel = 1;
				LastSwiftUpdateCheck = 1420;
				LastUpgradeCheck = 1520;
				TargetAttributes = {
					5575E1D82CFC808400B1D4AF = {
						CreatedOnToolsVersion = 14.2;
					};
					5575E1EE2CFC808600B1D4AF = {
						CreatedOnToolsVersion = 14.2;
						TestTargetID = 5575E1D82CFC808400B1D4AF;
					};
					5575E1F82CFC808600B1D4AF = {
						CreatedOnToolsVersion = 14.2;
						TestTargetID = 5575E1D82CFC808400B1D4AF;
					};
				};
			};
			buildConfigurationList = 5575E1D42CFC808400B1D4AF /* Build configuration list for PBXProject "DairySimbirSoftPractice" */;
			compatibilityVersion = "Xcode 14.0";
			developmentRegion = en;
			hasScannedForEncodings = 0;
			knownRegions = (
				en,
				Base,
			);
			mainGroup = 5575E1D02CFC808400B1D4AF;
			productRefGroup = 5575E1DA2CFC808400B1D4AF /* Products */;
			projectDirPath = "";
			projectRoot = "";
			targets = (
				5575E1D82CFC808400B1D4AF /* DairySimbirSoftPractice */,
				5575E1EE2CFC808600B1D4AF /* DairySimbirSoftPracticeTests */,
				5575E1F82CFC808600B1D4AF /* DairySimbirSoftPracticeUITests */,
			);
		};
/* End PBXProject section */

/* Begin PBXResourcesBuildPhase section */
		5575E1D72CFC808400B1D4AF /* Resources */ = {
			isa = PBXResourcesBuildPhase;
			buildActionMask = 2147483647;
			files = (
				556E0F162D04334E0067A97B /* tasksFile.json in Resources */,
				5575E1E92CFC808600B1D4AF /* LaunchScreen.storyboard in Resources */,
				045216E62D133B91002C8B2F /* HourCellView.xib in Resources */,
				5575E1E62CFC808600B1D4AF /* Assets.xcassets in Resources */,
				5575E1E42CFC808400B1D4AF /* Main.storyboard in Resources */,
			);
			runOnlyForDeploymentPostprocessing = 0;
		};
		5575E1ED2CFC808600B1D4AF /* Resources */ = {
			isa = PBXResourcesBuildPhase;
			buildActionMask = 2147483647;
			files = (
			);
			runOnlyForDeploymentPostprocessing = 0;
		};
		5575E1F72CFC808600B1D4AF /* Resources */ = {
			isa = PBXResourcesBuildPhase;
			buildActionMask = 2147483647;
			files = (
			);
			runOnlyForDeploymentPostprocessing = 0;
		};
/* End PBXResourcesBuildPhase section */

/* Begin PBXShellScriptBuildPhase section */
		049232F62D0E2B6800922315 /* SwiftLint */ = {
			isa = PBXShellScriptBuildPhase;
			buildActionMask = 2147483647;
			files = (
			);
			inputFileListPaths = (
			);
			inputPaths = (
			);
			name = SwiftLint;
			outputFileListPaths = (
			);
			outputPaths = (
			);
			runOnlyForDeploymentPostprocessing = 0;
			shellPath = /bin/sh;
			shellScript = "# Type a script or drag a script file from your workspace to insert its path.\nif which swiftlint >/dev/null; then\nswiftlint\nelse\necho \"warning: SwiftLint not installed, download from https://github.com/realm/SwiftLint\"\nfi\n";
		};
		20DF361007F7961578163D5F /* [CP] Embed Pods Frameworks */ = {
			isa = PBXShellScriptBuildPhase;
			buildActionMask = 2147483647;
			files = (
			);
			inputFileListPaths = (
				"${PODS_ROOT}/Target Support Files/Pods-DairySimbirSoftPractice/Pods-DairySimbirSoftPractice-frameworks-${CONFIGURATION}-input-files.xcfilelist",
			);
			name = "[CP] Embed Pods Frameworks";
			outputFileListPaths = (
				"${PODS_ROOT}/Target Support Files/Pods-DairySimbirSoftPractice/Pods-DairySimbirSoftPractice-frameworks-${CONFIGURATION}-output-files.xcfilelist",
			);
			runOnlyForDeploymentPostprocessing = 0;
			shellPath = /bin/sh;
			shellScript = "\"${PODS_ROOT}/Target Support Files/Pods-DairySimbirSoftPractice/Pods-DairySimbirSoftPractice-frameworks.sh\"\n";
			showEnvVarsInLog = 0;
		};
		335289454F20DD69BB7C98D3 /* [CP] Check Pods Manifest.lock */ = {
			isa = PBXShellScriptBuildPhase;
			buildActionMask = 2147483647;
			files = (
			);
			inputFileListPaths = (
			);
			inputPaths = (
				"${PODS_PODFILE_DIR_PATH}/Podfile.lock",
				"${PODS_ROOT}/Manifest.lock",
			);
			name = "[CP] Check Pods Manifest.lock";
			outputFileListPaths = (
			);
			outputPaths = (
				"$(DERIVED_FILE_DIR)/Pods-DairySimbirSoftPracticeTests-checkManifestLockResult.txt",
			);
			runOnlyForDeploymentPostprocessing = 0;
			shellPath = /bin/sh;
			shellScript = "diff \"${PODS_PODFILE_DIR_PATH}/Podfile.lock\" \"${PODS_ROOT}/Manifest.lock\" > /dev/null\nif [ $? != 0 ] ; then\n    # print error to STDERR\n    echo \"error: The sandbox is not in sync with the Podfile.lock. Run 'pod install' or update your CocoaPods installation.\" >&2\n    exit 1\nfi\n# This output is used by Xcode 'outputs' to avoid re-running this script phase.\necho \"SUCCESS\" > \"${SCRIPT_OUTPUT_FILE_0}\"\n";
			showEnvVarsInLog = 0;
		};
		8A591D5FD8B9D65591408C8D /* [CP] Embed Pods Frameworks */ = {
			isa = PBXShellScriptBuildPhase;
			buildActionMask = 2147483647;
			files = (
			);
			inputFileListPaths = (
				"${PODS_ROOT}/Target Support Files/Pods-DairySimbirSoftPractice-DairySimbirSoftPracticeUITests/Pods-DairySimbirSoftPractice-DairySimbirSoftPracticeUITests-frameworks-${CONFIGURATION}-input-files.xcfilelist",
			);
			name = "[CP] Embed Pods Frameworks";
			outputFileListPaths = (
				"${PODS_ROOT}/Target Support Files/Pods-DairySimbirSoftPractice-DairySimbirSoftPracticeUITests/Pods-DairySimbirSoftPractice-DairySimbirSoftPracticeUITests-frameworks-${CONFIGURATION}-output-files.xcfilelist",
			);
			runOnlyForDeploymentPostprocessing = 0;
			shellPath = /bin/sh;
			shellScript = "\"${PODS_ROOT}/Target Support Files/Pods-DairySimbirSoftPractice-DairySimbirSoftPracticeUITests/Pods-DairySimbirSoftPractice-DairySimbirSoftPracticeUITests-frameworks.sh\"\n";
			showEnvVarsInLog = 0;
		};
		D57E2E2DDD54D78A6D7BF795 /* [CP] Check Pods Manifest.lock */ = {
			isa = PBXShellScriptBuildPhase;
			buildActionMask = 2147483647;
			files = (
			);
			inputFileListPaths = (
			);
			inputPaths = (
				"${PODS_PODFILE_DIR_PATH}/Podfile.lock",
				"${PODS_ROOT}/Manifest.lock",
			);
			name = "[CP] Check Pods Manifest.lock";
			outputFileListPaths = (
			);
			outputPaths = (
				"$(DERIVED_FILE_DIR)/Pods-DairySimbirSoftPractice-checkManifestLockResult.txt",
			);
			runOnlyForDeploymentPostprocessing = 0;
			shellPath = /bin/sh;
			shellScript = "diff \"${PODS_PODFILE_DIR_PATH}/Podfile.lock\" \"${PODS_ROOT}/Manifest.lock\" > /dev/null\nif [ $? != 0 ] ; then\n    # print error to STDERR\n    echo \"error: The sandbox is not in sync with the Podfile.lock. Run 'pod install' or update your CocoaPods installation.\" >&2\n    exit 1\nfi\n# This output is used by Xcode 'outputs' to avoid re-running this script phase.\necho \"SUCCESS\" > \"${SCRIPT_OUTPUT_FILE_0}\"\n";
			showEnvVarsInLog = 0;
		};
		FB41D6F4E09C70EA3F806CA2 /* [CP] Check Pods Manifest.lock */ = {
			isa = PBXShellScriptBuildPhase;
			buildActionMask = 2147483647;
			files = (
			);
			inputFileListPaths = (
			);
			inputPaths = (
				"${PODS_PODFILE_DIR_PATH}/Podfile.lock",
				"${PODS_ROOT}/Manifest.lock",
			);
			name = "[CP] Check Pods Manifest.lock";
			outputFileListPaths = (
			);
			outputPaths = (
				"$(DERIVED_FILE_DIR)/Pods-DairySimbirSoftPractice-DairySimbirSoftPracticeUITests-checkManifestLockResult.txt",
			);
			runOnlyForDeploymentPostprocessing = 0;
			shellPath = /bin/sh;
			shellScript = "diff \"${PODS_PODFILE_DIR_PATH}/Podfile.lock\" \"${PODS_ROOT}/Manifest.lock\" > /dev/null\nif [ $? != 0 ] ; then\n    # print error to STDERR\n    echo \"error: The sandbox is not in sync with the Podfile.lock. Run 'pod install' or update your CocoaPods installation.\" >&2\n    exit 1\nfi\n# This output is used by Xcode 'outputs' to avoid re-running this script phase.\necho \"SUCCESS\" > \"${SCRIPT_OUTPUT_FILE_0}\"\n";
			showEnvVarsInLog = 0;
		};
/* End PBXShellScriptBuildPhase section */

/* Begin PBXSourcesBuildPhase section */
		5575E1D52CFC808400B1D4AF /* Sources */ = {
			isa = PBXSourcesBuildPhase;
			buildActionMask = 2147483647;
			files = (
				55AB10B72D0447EB00CF62F9 /* TaskItem.swift in Sources */,
				5578EC072D0C90DB009ED0B4 /* DateExtension.swift in Sources */,
				55AB10BB2D048C8700CF62F9 /* DataService.swift in Sources */,
				045216E22D1339AD002C8B2F /* HourCell.swift in Sources */,
				5575E1E12CFC808400B1D4AF /* CalendarViewController.swift in Sources */,
				552869AD2D01C6F0005C02A0 /* TaskInfoViewController.swift in Sources */,
				5575E1DD2CFC808400B1D4AF /* AppDelegate.swift in Sources */,
				5575E1DF2CFC808400B1D4AF /* SceneDelegate.swift in Sources */,
				0477AB012D13686A0045D532 /* TasksDistributor.swift in Sources */,
				552869AF2D01C713005C02A0 /* AddTaskViewController.swift in Sources */,
			);
			runOnlyForDeploymentPostprocessing = 0;
		};
		5575E1EB2CFC808600B1D4AF /* Sources */ = {
			isa = PBXSourcesBuildPhase;
			buildActionMask = 2147483647;
			files = (
				5575E1F42CFC808600B1D4AF /* DairySimbirSoftPracticeTests.swift in Sources */,
			);
			runOnlyForDeploymentPostprocessing = 0;
		};
		5575E1F52CFC808600B1D4AF /* Sources */ = {
			isa = PBXSourcesBuildPhase;
			buildActionMask = 2147483647;
			files = (
				5575E1FE2CFC808600B1D4AF /* DairySimbirSoftPracticeUITests.swift in Sources */,
				5575E2002CFC808600B1D4AF /* DairySimbirSoftPracticeUITestsLaunchTests.swift in Sources */,
			);
			runOnlyForDeploymentPostprocessing = 0;
		};
/* End PBXSourcesBuildPhase section */

/* Begin PBXTargetDependency section */
		5575E1F12CFC808600B1D4AF /* PBXTargetDependency */ = {
			isa = PBXTargetDependency;
			target = 5575E1D82CFC808400B1D4AF /* DairySimbirSoftPractice */;
			targetProxy = 5575E1F02CFC808600B1D4AF /* PBXContainerItemProxy */;
		};
		5575E1FB2CFC808600B1D4AF /* PBXTargetDependency */ = {
			isa = PBXTargetDependency;
			target = 5575E1D82CFC808400B1D4AF /* DairySimbirSoftPractice */;
			targetProxy = 5575E1FA2CFC808600B1D4AF /* PBXContainerItemProxy */;
		};
/* End PBXTargetDependency section */

/* Begin PBXVariantGroup section */
		5575E1E22CFC808400B1D4AF /* Main.storyboard */ = {
			isa = PBXVariantGroup;
			children = (
				5575E1E32CFC808400B1D4AF /* Base */,
			);
			name = Main.storyboard;
			sourceTree = "<group>";
		};
		5575E1E72CFC808600B1D4AF /* LaunchScreen.storyboard */ = {
			isa = PBXVariantGroup;
			children = (
				5575E1E82CFC808600B1D4AF /* Base */,
			);
			name = LaunchScreen.storyboard;
			sourceTree = "<group>";
		};
/* End PBXVariantGroup section */

/* Begin XCBuildConfiguration section */
		5575E2012CFC808600B1D4AF /* Debug */ = {
			isa = XCBuildConfiguration;
			buildSettings = {
				ALWAYS_SEARCH_USER_PATHS = NO;
				CLANG_ANALYZER_NONNULL = YES;
				CLANG_ANALYZER_NUMBER_OBJECT_CONVERSION = YES_AGGRESSIVE;
				CLANG_CXX_LANGUAGE_STANDARD = "gnu++20";
				CLANG_ENABLE_MODULES = YES;
				CLANG_ENABLE_OBJC_ARC = YES;
				CLANG_ENABLE_OBJC_WEAK = YES;
				CLANG_WARN_BLOCK_CAPTURE_AUTORELEASING = YES;
				CLANG_WARN_BOOL_CONVERSION = YES;
				CLANG_WARN_COMMA = YES;
				CLANG_WARN_CONSTANT_CONVERSION = YES;
				CLANG_WARN_DEPRECATED_OBJC_IMPLEMENTATIONS = YES;
				CLANG_WARN_DIRECT_OBJC_ISA_USAGE = YES_ERROR;
				CLANG_WARN_DOCUMENTATION_COMMENTS = YES;
				CLANG_WARN_EMPTY_BODY = YES;
				CLANG_WARN_ENUM_CONVERSION = YES;
				CLANG_WARN_INFINITE_RECURSION = YES;
				CLANG_WARN_INT_CONVERSION = YES;
				CLANG_WARN_NON_LITERAL_NULL_CONVERSION = YES;
				CLANG_WARN_OBJC_IMPLICIT_RETAIN_SELF = YES;
				CLANG_WARN_OBJC_LITERAL_CONVERSION = YES;
				CLANG_WARN_OBJC_ROOT_CLASS = YES_ERROR;
				CLANG_WARN_QUOTED_INCLUDE_IN_FRAMEWORK_HEADER = YES;
				CLANG_WARN_RANGE_LOOP_ANALYSIS = YES;
				CLANG_WARN_STRICT_PROTOTYPES = YES;
				CLANG_WARN_SUSPICIOUS_MOVE = YES;
				CLANG_WARN_UNGUARDED_AVAILABILITY = YES_AGGRESSIVE;
				CLANG_WARN_UNREACHABLE_CODE = YES;
				CLANG_WARN__DUPLICATE_METHOD_MATCH = YES;
				COPY_PHASE_STRIP = NO;
				DEBUG_INFORMATION_FORMAT = dwarf;
				ENABLE_STRICT_OBJC_MSGSEND = YES;
				ENABLE_TESTABILITY = YES;
				ENABLE_USER_SCRIPT_SANDBOXING = NO;
				GCC_C_LANGUAGE_STANDARD = gnu11;
				GCC_DYNAMIC_NO_PIC = NO;
				GCC_NO_COMMON_BLOCKS = YES;
				GCC_OPTIMIZATION_LEVEL = 0;
				GCC_PREPROCESSOR_DEFINITIONS = (
					"DEBUG=1",
					"$(inherited)",
				);
				GCC_WARN_64_TO_32_BIT_CONVERSION = YES;
				GCC_WARN_ABOUT_RETURN_TYPE = YES_ERROR;
				GCC_WARN_UNDECLARED_SELECTOR = YES;
				GCC_WARN_UNINITIALIZED_AUTOS = YES_AGGRESSIVE;
				GCC_WARN_UNUSED_FUNCTION = YES;
				GCC_WARN_UNUSED_VARIABLE = YES;
				IPHONEOS_DEPLOYMENT_TARGET = 16.2;
				MTL_ENABLE_DEBUG_INFO = INCLUDE_SOURCE;
				MTL_FAST_MATH = YES;
				ONLY_ACTIVE_ARCH = YES;
				SDKROOT = iphoneos;
				SWIFT_ACTIVE_COMPILATION_CONDITIONS = DEBUG;
				SWIFT_OPTIMIZATION_LEVEL = "-Onone";
			};
			name = Debug;
		};
		5575E2022CFC808600B1D4AF /* Release */ = {
			isa = XCBuildConfiguration;
			buildSettings = {
				ALWAYS_SEARCH_USER_PATHS = NO;
				CLANG_ANALYZER_NONNULL = YES;
				CLANG_ANALYZER_NUMBER_OBJECT_CONVERSION = YES_AGGRESSIVE;
				CLANG_CXX_LANGUAGE_STANDARD = "gnu++20";
				CLANG_ENABLE_MODULES = YES;
				CLANG_ENABLE_OBJC_ARC = YES;
				CLANG_ENABLE_OBJC_WEAK = YES;
				CLANG_WARN_BLOCK_CAPTURE_AUTORELEASING = YES;
				CLANG_WARN_BOOL_CONVERSION = YES;
				CLANG_WARN_COMMA = YES;
				CLANG_WARN_CONSTANT_CONVERSION = YES;
				CLANG_WARN_DEPRECATED_OBJC_IMPLEMENTATIONS = YES;
				CLANG_WARN_DIRECT_OBJC_ISA_USAGE = YES_ERROR;
				CLANG_WARN_DOCUMENTATION_COMMENTS = YES;
				CLANG_WARN_EMPTY_BODY = YES;
				CLANG_WARN_ENUM_CONVERSION = YES;
				CLANG_WARN_INFINITE_RECURSION = YES;
				CLANG_WARN_INT_CONVERSION = YES;
				CLANG_WARN_NON_LITERAL_NULL_CONVERSION = YES;
				CLANG_WARN_OBJC_IMPLICIT_RETAIN_SELF = YES;
				CLANG_WARN_OBJC_LITERAL_CONVERSION = YES;
				CLANG_WARN_OBJC_ROOT_CLASS = YES_ERROR;
				CLANG_WARN_QUOTED_INCLUDE_IN_FRAMEWORK_HEADER = YES;
				CLANG_WARN_RANGE_LOOP_ANALYSIS = YES;
				CLANG_WARN_STRICT_PROTOTYPES = YES;
				CLANG_WARN_SUSPICIOUS_MOVE = YES;
				CLANG_WARN_UNGUARDED_AVAILABILITY = YES_AGGRESSIVE;
				CLANG_WARN_UNREACHABLE_CODE = YES;
				CLANG_WARN__DUPLICATE_METHOD_MATCH = YES;
				COPY_PHASE_STRIP = NO;
				DEBUG_INFORMATION_FORMAT = "dwarf-with-dsym";
				ENABLE_NS_ASSERTIONS = NO;
				ENABLE_STRICT_OBJC_MSGSEND = YES;
				ENABLE_USER_SCRIPT_SANDBOXING = NO;
				GCC_C_LANGUAGE_STANDARD = gnu11;
				GCC_NO_COMMON_BLOCKS = YES;
				GCC_WARN_64_TO_32_BIT_CONVERSION = YES;
				GCC_WARN_ABOUT_RETURN_TYPE = YES_ERROR;
				GCC_WARN_UNDECLARED_SELECTOR = YES;
				GCC_WARN_UNINITIALIZED_AUTOS = YES_AGGRESSIVE;
				GCC_WARN_UNUSED_FUNCTION = YES;
				GCC_WARN_UNUSED_VARIABLE = YES;
				IPHONEOS_DEPLOYMENT_TARGET = 16.2;
				MTL_ENABLE_DEBUG_INFO = NO;
				MTL_FAST_MATH = YES;
				SDKROOT = iphoneos;
				SWIFT_COMPILATION_MODE = wholemodule;
				SWIFT_OPTIMIZATION_LEVEL = "-O";
				VALIDATE_PRODUCT = YES;
			};
			name = Release;
		};
		5575E2042CFC808600B1D4AF /* Debug */ = {
			isa = XCBuildConfiguration;
			baseConfigurationReference = AEBF6D00D17B02936ECE920B /* Pods-DairySimbirSoftPractice.debug.xcconfig */;
			buildSettings = {
				ASSETCATALOG_COMPILER_APPICON_NAME = AppIcon;
				ASSETCATALOG_COMPILER_GLOBAL_ACCENT_COLOR_NAME = AccentColor;
				CODE_SIGN_STYLE = Automatic;
				CURRENT_PROJECT_VERSION = 1;
				DEVELOPMENT_TEAM = LHC5MJRH8W;
				GENERATE_INFOPLIST_FILE = YES;
				INFOPLIST_FILE = DairySimbirSoftPractice/Info.plist;
				INFOPLIST_KEY_UIApplicationSupportsIndirectInputEvents = YES;
				INFOPLIST_KEY_UILaunchStoryboardName = LaunchScreen;
				INFOPLIST_KEY_UIMainStoryboardFile = Main;
				INFOPLIST_KEY_UISupportedInterfaceOrientations = UIInterfaceOrientationPortrait;
				INFOPLIST_KEY_UISupportedInterfaceOrientations_iPad = "UIInterfaceOrientationLandscapeLeft UIInterfaceOrientationLandscapeRight UIInterfaceOrientationPortrait UIInterfaceOrientationPortraitUpsideDown";
				IPHONEOS_DEPLOYMENT_TARGET = 12.0;
				LD_RUNPATH_SEARCH_PATHS = (
					"$(inherited)",
					"@executable_path/Frameworks",
				);
				MARKETING_VERSION = 1.0;
				PRODUCT_BUNDLE_IDENTIFIER = pseq.com.DairySimbirSoftPractice;
				PRODUCT_NAME = "$(TARGET_NAME)";
				SUPPORTED_PLATFORMS = "iphoneos iphonesimulator";
				SUPPORTS_MACCATALYST = NO;
				SUPPORTS_MAC_DESIGNED_FOR_IPHONE_IPAD = NO;
				SUPPORTS_XR_DESIGNED_FOR_IPHONE_IPAD = NO;
				SWIFT_EMIT_LOC_STRINGS = YES;
				SWIFT_VERSION = 5.0;
				TARGETED_DEVICE_FAMILY = 1;
			};
			name = Debug;
		};
		5575E2052CFC808600B1D4AF /* Release */ = {
			isa = XCBuildConfiguration;
			baseConfigurationReference = 3A62E061137F6F57116C0171 /* Pods-DairySimbirSoftPractice.release.xcconfig */;
			buildSettings = {
				ASSETCATALOG_COMPILER_APPICON_NAME = AppIcon;
				ASSETCATALOG_COMPILER_GLOBAL_ACCENT_COLOR_NAME = AccentColor;
				CODE_SIGN_STYLE = Automatic;
				CURRENT_PROJECT_VERSION = 1;
				DEVELOPMENT_TEAM = LHC5MJRH8W;
				GENERATE_INFOPLIST_FILE = YES;
				INFOPLIST_FILE = DairySimbirSoftPractice/Info.plist;
				INFOPLIST_KEY_UIApplicationSupportsIndirectInputEvents = YES;
				INFOPLIST_KEY_UILaunchStoryboardName = LaunchScreen;
				INFOPLIST_KEY_UIMainStoryboardFile = Main;
				INFOPLIST_KEY_UISupportedInterfaceOrientations = UIInterfaceOrientationPortrait;
				INFOPLIST_KEY_UISupportedInterfaceOrientations_iPad = "UIInterfaceOrientationLandscapeLeft UIInterfaceOrientationLandscapeRight UIInterfaceOrientationPortrait UIInterfaceOrientationPortraitUpsideDown";
				IPHONEOS_DEPLOYMENT_TARGET = 12.0;
				LD_RUNPATH_SEARCH_PATHS = (
					"$(inherited)",
					"@executable_path/Frameworks",
				);
				MARKETING_VERSION = 1.0;
				PRODUCT_BUNDLE_IDENTIFIER = pseq.com.DairySimbirSoftPractice;
				PRODUCT_NAME = "$(TARGET_NAME)";
				SUPPORTED_PLATFORMS = "iphoneos iphonesimulator";
				SUPPORTS_MACCATALYST = NO;
				SUPPORTS_MAC_DESIGNED_FOR_IPHONE_IPAD = NO;
				SUPPORTS_XR_DESIGNED_FOR_IPHONE_IPAD = NO;
				SWIFT_EMIT_LOC_STRINGS = YES;
				SWIFT_VERSION = 5.0;
				TARGETED_DEVICE_FAMILY = 1;
			};
			name = Release;
		};
		5575E2072CFC808600B1D4AF /* Debug */ = {
			isa = XCBuildConfiguration;
			baseConfigurationReference = 6E2B68FC03A974BE273E4858 /* Pods-DairySimbirSoftPracticeTests.debug.xcconfig */;
			buildSettings = {
				ALWAYS_EMBED_SWIFT_STANDARD_LIBRARIES = YES;
				BUNDLE_LOADER = "$(TEST_HOST)";
				CODE_SIGN_STYLE = Automatic;
				CURRENT_PROJECT_VERSION = 1;
				DEVELOPMENT_TEAM = LHC5MJRH8W;
				GENERATE_INFOPLIST_FILE = YES;
				IPHONEOS_DEPLOYMENT_TARGET = 16.2;
				MARKETING_VERSION = 1.0;
				PRODUCT_BUNDLE_IDENTIFIER = pseq.com.DairySimbirSoftPracticeTests;
				PRODUCT_NAME = "$(TARGET_NAME)";
				SUPPORTED_PLATFORMS = "iphoneos iphonesimulator";
				SUPPORTS_MACCATALYST = NO;
				SUPPORTS_MAC_DESIGNED_FOR_IPHONE_IPAD = NO;
				SUPPORTS_XR_DESIGNED_FOR_IPHONE_IPAD = NO;
				SWIFT_EMIT_LOC_STRINGS = NO;
				SWIFT_VERSION = 5.0;
				TARGETED_DEVICE_FAMILY = 1;
				TEST_HOST = "$(BUILT_PRODUCTS_DIR)/DairySimbirSoftPractice.app/$(BUNDLE_EXECUTABLE_FOLDER_PATH)/DairySimbirSoftPractice";
			};
			name = Debug;
		};
		5575E2082CFC808600B1D4AF /* Release */ = {
			isa = XCBuildConfiguration;
			baseConfigurationReference = 3FE4A317EAD7863CB79A7A89 /* Pods-DairySimbirSoftPracticeTests.release.xcconfig */;
			buildSettings = {
				ALWAYS_EMBED_SWIFT_STANDARD_LIBRARIES = YES;
				BUNDLE_LOADER = "$(TEST_HOST)";
				CODE_SIGN_STYLE = Automatic;
				CURRENT_PROJECT_VERSION = 1;
				DEVELOPMENT_TEAM = LHC5MJRH8W;
				GENERATE_INFOPLIST_FILE = YES;
				IPHONEOS_DEPLOYMENT_TARGET = 16.2;
				MARKETING_VERSION = 1.0;
				PRODUCT_BUNDLE_IDENTIFIER = pseq.com.DairySimbirSoftPracticeTests;
				PRODUCT_NAME = "$(TARGET_NAME)";
				SUPPORTED_PLATFORMS = "iphoneos iphonesimulator";
				SUPPORTS_MACCATALYST = NO;
				SUPPORTS_MAC_DESIGNED_FOR_IPHONE_IPAD = NO;
				SUPPORTS_XR_DESIGNED_FOR_IPHONE_IPAD = NO;
				SWIFT_EMIT_LOC_STRINGS = NO;
				SWIFT_VERSION = 5.0;
				TARGETED_DEVICE_FAMILY = 1;
				TEST_HOST = "$(BUILT_PRODUCTS_DIR)/DairySimbirSoftPractice.app/$(BUNDLE_EXECUTABLE_FOLDER_PATH)/DairySimbirSoftPractice";
			};
			name = Release;
		};
		5575E20A2CFC808600B1D4AF /* Debug */ = {
			isa = XCBuildConfiguration;
			baseConfigurationReference = 44C1905A2D8D0E64E5F7AE8F /* Pods-DairySimbirSoftPractice-DairySimbirSoftPracticeUITests.debug.xcconfig */;
			buildSettings = {
				ALWAYS_EMBED_SWIFT_STANDARD_LIBRARIES = YES;
				CODE_SIGN_STYLE = Automatic;
				CURRENT_PROJECT_VERSION = 1;
				DEVELOPMENT_TEAM = LHC5MJRH8W;
				GENERATE_INFOPLIST_FILE = YES;
				MARKETING_VERSION = 1.0;
				PRODUCT_BUNDLE_IDENTIFIER = pseq.com.DairySimbirSoftPracticeUITests;
				PRODUCT_NAME = "$(TARGET_NAME)";
				SUPPORTED_PLATFORMS = "iphoneos iphonesimulator";
				SUPPORTS_MACCATALYST = NO;
				SUPPORTS_MAC_DESIGNED_FOR_IPHONE_IPAD = NO;
				SUPPORTS_XR_DESIGNED_FOR_IPHONE_IPAD = NO;
				SWIFT_EMIT_LOC_STRINGS = NO;
				SWIFT_VERSION = 5.0;
				TARGETED_DEVICE_FAMILY = 1;
				TEST_TARGET_NAME = DairySimbirSoftPractice;
			};
			name = Debug;
		};
		5575E20B2CFC808600B1D4AF /* Release */ = {
			isa = XCBuildConfiguration;
			baseConfigurationReference = 816E8352B2F70E570364ACCD /* Pods-DairySimbirSoftPractice-DairySimbirSoftPracticeUITests.release.xcconfig */;
			buildSettings = {
				ALWAYS_EMBED_SWIFT_STANDARD_LIBRARIES = YES;
				CODE_SIGN_STYLE = Automatic;
				CURRENT_PROJECT_VERSION = 1;
				DEVELOPMENT_TEAM = LHC5MJRH8W;
				GENERATE_INFOPLIST_FILE = YES;
				MARKETING_VERSION = 1.0;
				PRODUCT_BUNDLE_IDENTIFIER = pseq.com.DairySimbirSoftPracticeUITests;
				PRODUCT_NAME = "$(TARGET_NAME)";
				SUPPORTED_PLATFORMS = "iphoneos iphonesimulator";
				SUPPORTS_MACCATALYST = NO;
				SUPPORTS_MAC_DESIGNED_FOR_IPHONE_IPAD = NO;
				SUPPORTS_XR_DESIGNED_FOR_IPHONE_IPAD = NO;
				SWIFT_EMIT_LOC_STRINGS = NO;
				SWIFT_VERSION = 5.0;
				TARGETED_DEVICE_FAMILY = 1;
				TEST_TARGET_NAME = DairySimbirSoftPractice;
			};
			name = Release;
		};
/* End XCBuildConfiguration section */

/* Begin XCConfigurationList section */
		5575E1D42CFC808400B1D4AF /* Build configuration list for PBXProject "DairySimbirSoftPractice" */ = {
			isa = XCConfigurationList;
			buildConfigurations = (
				5575E2012CFC808600B1D4AF /* Debug */,
				5575E2022CFC808600B1D4AF /* Release */,
			);
			defaultConfigurationIsVisible = 0;
			defaultConfigurationName = Release;
		};
		5575E2032CFC808600B1D4AF /* Build configuration list for PBXNativeTarget "DairySimbirSoftPractice" */ = {
			isa = XCConfigurationList;
			buildConfigurations = (
				5575E2042CFC808600B1D4AF /* Debug */,
				5575E2052CFC808600B1D4AF /* Release */,
			);
			defaultConfigurationIsVisible = 0;
			defaultConfigurationName = Release;
		};
		5575E2062CFC808600B1D4AF /* Build configuration list for PBXNativeTarget "DairySimbirSoftPracticeTests" */ = {
			isa = XCConfigurationList;
			buildConfigurations = (
				5575E2072CFC808600B1D4AF /* Debug */,
				5575E2082CFC808600B1D4AF /* Release */,
			);
			defaultConfigurationIsVisible = 0;
			defaultConfigurationName = Release;
		};
		5575E2092CFC808600B1D4AF /* Build configuration list for PBXNativeTarget "DairySimbirSoftPracticeUITests" */ = {
			isa = XCConfigurationList;
			buildConfigurations = (
				5575E20A2CFC808600B1D4AF /* Debug */,
				5575E20B2CFC808600B1D4AF /* Release */,
			);
			defaultConfigurationIsVisible = 0;
			defaultConfigurationName = Release;
		};
/* End XCConfigurationList section */
	};
	rootObject = 5575E1D12CFC808400B1D4AF /* Project object */;
}
